Microsoft Visual Studio Solution File, Format Version 12.00
# Visual Studio Version 17
VisualStudioVersion = 17.5.2.0
MinimumVisualStudioVersion = 10.0.40219.1
Project("{FAE04EC0-301F-11D3-BF4B-00C04F79EFBC}") = "SemanticKernel", "3- Semantic Kernel\SemanticKernel.csproj", "{6AA367E8-5816-C61F-0333-7C60B1FD66D7}"
EndProject
Project("{FAE04EC0-301F-11D3-BF4B-00C04F79EFBC}") = "MyFirstApp", "MyFirstApp\MyFirstApp.csproj", "{B9FEBF69-434E-73F2-CB32-715EFC648C6E}"
EndProject
Global
	GlobalSection(SolutionConfigurationPlatforms) = preSolution
		Debug|Any CPU = Debug|Any CPU
		Release|Any CPU = Release|Any CPU
	EndGlobalSection
	GlobalSection(ProjectConfigurationPlatforms) = postSolution
		{6AA367E8-5816-C61F-0333-7C60B1FD66D7}.Debug|Any CPU.ActiveCfg = Debug|Any CPU
		{6AA367E8-5816-C61F-0333-7C60B1FD66D7}.Debug|Any CPU.Build.0 = Debug|Any CPU
		{6AA367E8-5816-C61F-0333-7C60B1FD66D7}.Release|Any CPU.ActiveCfg = Release|Any CPU
		{6AA367E8-5816-C61F-0333-7C60B1FD66D7}.Release|Any CPU.Build.0 = Release|Any CPU
		{B9FEBF69-434E-73F2-CB32-715EFC648C6E}.Debug|Any CPU.ActiveCfg = Debug|Any CPU
		{B9FEBF69-434E-73F2-CB32-715EFC648C6E}.Debug|Any CPU.Build.0 = Debug|Any CPU
		{B9FEBF69-434E-73F2-CB32-715EFC648C6E}.Release|Any CPU.ActiveCfg = Release|Any CPU
		{B9FEBF69-434E-73F2-CB32-715EFC648C6E}.Release|Any CPU.Build.0 = Release|Any CPU
	EndGlobalSection
	GlobalSection(SolutionProperties) = preSolution
		HideSolutionNode = FALSE
	EndGlobalSection
	GlobalSection(ExtensibilityGlobals) = postSolution
		SolutionGuid = {EBDF57B4-AF8C-4C6A-BEE9-492E9886381A}
	EndGlobalSection
EndGlobal
